
Microsoft Visual Studio Solution File, Format Version 12.00
# Visual Studio Version 16
VisualStudioVersion = 16.0.808.4
MinimumVisualStudioVersion = 10.0.40219.1
Project("{FAE04EC0-301F-11D3-BF4B-00C04F79EFBC}") = "SingUniConf", "SingUniConf\SingUniConf.csproj", "{FB776864-704B-4A59-B51C-3CAD74340E93}"
EndProject
Global
	GlobalSection(SolutionConfigurationPlatforms) = preSolution
		Debug|Any CPU = Debug|Any CPU
		Release|Any CPU = Release|Any CPU
	EndGlobalSection
	GlobalSection(ProjectConfigurationPlatforms) = postSolution
		{FB776864-704B-4A59-B51C-3CAD74340E93}.Debug|Any CPU.ActiveCfg = Debug|Any CPU
		{FB776864-704B-4A59-B51C-3CAD74340E93}.Debug|Any CPU.Build.0 = Debug|Any CPU
		{FB776864-704B-4A59-B51C-3CAD74340E93}.Release|Any CPU.ActiveCfg = Release|Any CPU
		{FB776864-704B-4A59-B51C-3CAD74340E93}.Release|Any CPU.Build.0 = Release|Any CPU
	EndGlobalSection
	GlobalSection(SolutionProperties) = preSolution
		HideSolutionNode = FALSE
	EndGlobalSection
	GlobalSection(ExtensibilityGlobals) = postSolution
		SolutionGuid = {DEC8B906-413B-43F9-9B0A-6392DDB81E15}
	EndGlobalSection
EndGlobal
